// !$*UTF8*$!
{
	archiveVersion = 1;
	classes = {
	};
	objectVersion = 46;
	objects = {

/* Begin PBXBuildFile section */
		6E00C62F1D066AD200C9C960 /* AppDelegate.swift in Sources */ = {isa = PBXBuildFile; fileRef = 6E00C62E1D066AD200C9C960 /* AppDelegate.swift */; };
		6E00C6311D066AD200C9C960 /* ViewController.swift in Sources */ = {isa = PBXBuildFile; fileRef = 6E00C6301D066AD200C9C960 /* ViewController.swift */; };
		6E00C6341D066AD200C9C960 /* Main.storyboard in Resources */ = {isa = PBXBuildFile; fileRef = 6E00C6321D066AD200C9C960 /* Main.storyboard */; };
		6E00C6361D066AD200C9C960 /* Assets.xcassets in Resources */ = {isa = PBXBuildFile; fileRef = 6E00C6351D066AD200C9C960 /* Assets.xcassets */; };
		6E00C6391D066AD200C9C960 /* LaunchScreen.storyboard in Resources */ = {isa = PBXBuildFile; fileRef = 6E00C6371D066AD200C9C960 /* LaunchScreen.storyboard */; };
		6E00C63F1D066AED00C9C960 /* ModalViewController.swift in Sources */ = {isa = PBXBuildFile; fileRef = 6E00C63E1D066AED00C9C960 /* ModalViewController.swift */; };
		6E00C6411D066B0500C9C960 /* TransitioningDelegate.swift in Sources */ = {isa = PBXBuildFile; fileRef = 6E00C6401D066B0500C9C960 /* TransitioningDelegate.swift */; };
		6E00C6431D066B2200C9C960 /* AnimatedTransitioning.swift in Sources */ = {isa = PBXBuildFile; fileRef = 6E00C6421D066B2200C9C960 /* AnimatedTransitioning.swift */; };
/* End PBXBuildFile section */

/* Begin PBXFileReference section */
		6E00C62C1D066AD200C9C960 /* ModalViewController Transition.app */ = {isa = PBXFileReference; explicitFileType = wrapper.application; includeInIndex = 0; path = "ModalViewController Transition.app"; sourceTree = BUILT_PRODUCTS_DIR; };
		6E00C62E1D066AD200C9C960 /* AppDelegate.swift */ = {isa = PBXFileReference; lastKnownFileType = sourcecode.swift; path = AppDelegate.swift; sourceTree = "<group>"; };
		6E00C6301D066AD200C9C960 /* ViewController.swift */ = {isa = PBXFileReference; lastKnownFileType = sourcecode.swift; path = ViewController.swift; sourceTree = "<group>"; };
		6E00C6331D066AD200C9C960 /* Base */ = {isa = PBXFileReference; lastKnownFileType = file.storyboard; name = Base; path = Base.lproj/Main.storyboard; sourceTree = "<group>"; };
		6E00C6351D066AD200C9C960 /* Assets.xcassets */ = {isa = PBXFileReference; lastKnownFileType = folder.assetcatalog; path = Assets.xcassets; sourceTree = "<group>"; };
		6E00C6381D066AD200C9C960 /* Base */ = {isa = PBXFileReference; lastKnownFileType = file.storyboard; name = Base; path = Base.lproj/LaunchScreen.storyboard; sourceTree = "<group>"; };
		6E00C63A1D066AD200C9C960 /* Info.plist */ = {isa = PBXFileReference; lastKnownFileType = text.plist.xml; path = Info.plist; sourceTree = "<group>"; };
		6E00C63E1D066AED00C9C960 /* ModalViewController.swift */ = {isa = PBXFileReference; fileEncoding = 4; lastKnownFileType = sourcecode.swift; path = ModalViewController.swift; sourceTree = "<group>"; };
		6E00C6401D066B0500C9C960 /* TransitioningDelegate.swift */ = {isa = PBXFileReference; fileEncoding = 4; lastKnownFileType = sourcecode.swift; path = TransitioningDelegate.swift; sourceTree = "<group>"; };
		6E00C6421D066B2200C9C960 /* AnimatedTransitioning.swift */ = {isa = PBXFileReference; fileEncoding = 4; lastKnownFileType = sourcecode.swift; path = AnimatedTransitioning.swift; sourceTree = "<group>"; };
/* End PBXFileReference section */

/* Begin PBXFrameworksBuildPhase section */
		6E00C6291D066AD200C9C960 /* Frameworks */ = {
			isa = PBXFrameworksBuildPhase;
			buildActionMask = 2147483647;
			files = (
			);
			runOnlyForDeploymentPostprocessing = 0;
		};
/* End PBXFrameworksBuildPhase section */

/* Begin PBXGroup section */
		6E00C60A1D066A2500C9C960 = {
			isa = PBXGroup;
			children = (
				6E00C62D1D066AD200C9C960 /* ModalViewController Transition */,
				6E00C6141D066A2500C9C960 /* Products */,
			);
			sourceTree = "<group>";
		};
		6E00C6141D066A2500C9C960 /* Products */ = {
			isa = PBXGroup;
			children = (
				6E00C62C1D066AD200C9C960 /* ModalViewController Transition.app */,
			);
			name = Products;
			sourceTree = "<group>";
		};
		6E00C62D1D066AD200C9C960 /* ModalViewController Transition */ = {
			isa = PBXGroup;
			children = (
				6E00C62E1D066AD200C9C960 /* AppDelegate.swift */,
				6E00C6301D066AD200C9C960 /* ViewController.swift */,
				6E00C63E1D066AED00C9C960 /* ModalViewController.swift */,
				6E00C6401D066B0500C9C960 /* TransitioningDelegate.swift */,
				6E00C6421D066B2200C9C960 /* AnimatedTransitioning.swift */,
				6E00C6321D066AD200C9C960 /* Main.storyboard */,
				6E00C6351D066AD200C9C960 /* Assets.xcassets */,
				6E00C6371D066AD200C9C960 /* LaunchScreen.storyboard */,
				6E00C63A1D066AD200C9C960 /* Info.plist */,
			);
			path = "ModalViewController Transition";
			sourceTree = "<group>";
		};
/* End PBXGroup section */

/* Begin PBXNativeTarget section */
		6E00C62B1D066AD200C9C960 /* ModalViewController Transition */ = {
			isa = PBXNativeTarget;
			buildConfigurationList = 6E00C63B1D066AD200C9C960 /* Build configuration list for PBXNativeTarget "ModalViewController Transition" */;
			buildPhases = (
				6E00C6281D066AD200C9C960 /* Sources */,
				6E00C6291D066AD200C9C960 /* Frameworks */,
				6E00C62A1D066AD200C9C960 /* Resources */,
			);
			buildRules = (
			);
			dependencies = (
			);
			name = "ModalViewController Transition";
			productName = "ModalViewController Transition";
			productReference = 6E00C62C1D066AD200C9C960 /* ModalViewController Transition.app */;
			productType = "com.apple.product-type.application";
		};
/* End PBXNativeTarget section */

/* Begin PBXProject section */
		6E00C60B1D066A2500C9C960 /* Project object */ = {
			isa = PBXProject;
			attributes = {
				LastSwiftUpdateCheck = 0730;
				LastUpgradeCheck = 0730;
				ORGANIZATIONNAME = "云之彼端";
				TargetAttributes = {
					6E00C62B1D066AD200C9C960 = {
						CreatedOnToolsVersion = 7.3.1;
					};
				};
			};
			buildConfigurationList = 6E00C60E1D066A2500C9C960 /* Build configuration list for PBXProject "ViewController Transition Examples" */;
			compatibilityVersion = "Xcode 3.2";
			developmentRegion = English;
			hasScannedForEncodings = 0;
			knownRegions = (
				en,
				Base,
			);
			mainGroup = 6E00C60A1D066A2500C9C960;
			productRefGroup = 6E00C6141D066A2500C9C960 /* Products */;
			projectDirPath = "";
			projectRoot = "";
			targets = (
				6E00C62B1D066AD200C9C960 /* ModalViewController Transition */,
			);
		};
/* End PBXProject section */

/* Begin PBXResourcesBuildPhase section */
		6E00C62A1D066AD200C9C960 /* Resources */ = {
			isa = PBXResourcesBuildPhase;
			buildActionMask = 2147483647;
			files = (
				6E00C6391D066AD200C9C960 /* LaunchScreen.storyboard in Resources */,
				6E00C6361D066AD200C9C960 /* Assets.xcassets in Resources */,
				6E00C6341D066AD200C9C960 /* Main.storyboard in Resources */,
			);
			runOnlyForDeploymentPostprocessing = 0;
		};
/* End PBXResourcesBuildPhase section */

/* Begin PBXSourcesBuildPhase section */
		6E00C6281D066AD200C9C960 /* Sources */ = {
			isa = PBXSourcesBuildPhase;
			buildActionMask = 2147483647;
			files = (
				6E00C6311D066AD200C9C960 /* ViewController.swift in Sources */,
				6E00C63F1D066AED00C9C960 /* ModalViewController.swift in Sources */,
				6E00C6411D066B0500C9C960 /* TransitioningDelegate.swift in Sources */,
				6E00C6431D066B2200C9C960 /* AnimatedTransitioning.swift in Sources */,
				6E00C62F1D066AD200C9C960 /* AppDelegate.swift in Sources */,
			);
			runOnlyForDeploymentPostprocessing = 0;
		};
/* End PBXSourcesBuildPhase section */

/* Begin PBXVariantGroup section */
		6E00C6321D066AD200C9C960 /* Main.storyboard */ = {
			isa = PBXVariantGroup;
			children = (
				6E00C6331D066AD200C9C960 /* Base */,
			);
			name = Main.storyboard;
			sourceTree = "<group>";
		};
		6E00C6371D066AD200C9C960 /* LaunchScreen.storyboard */ = {
			isa = PBXVariantGroup;
			children = (
				6E00C6381D066AD200C9C960 /* Base */,
			);
			name = LaunchScreen.storyboard;
			sourceTree = "<group>";
		};
/* End PBXVariantGroup section */

/* Begin XCBuildConfiguration section */
		6E00C6231D066A2500C9C960 /* Debug */ = {
			isa = XCBuildConfiguration;
			buildSettings = {
				ALWAYS_SEARCH_USER_PATHS = NO;
				CLANG_ANALYZER_NONNULL = YES;
				CLANG_CXX_LANGUAGE_STANDARD = "gnu++0x";
				CLANG_CXX_LIBRARY = "libc++";
				CLANG_ENABLE_MODULES = YES;
				CLANG_ENABLE_OBJC_ARC = YES;
				CLANG_WARN_BOOL_CONVERSION = YES;
				CLANG_WARN_CONSTANT_CONVERSION = YES;
				CLANG_WARN_DIRECT_OBJC_ISA_USAGE = YES_ERROR;
				CLANG_WARN_EMPTY_BODY = YES;
				CLANG_WARN_ENUM_CONVERSION = YES;
				CLANG_WARN_INT_CONVERSION = YES;
				CLANG_WARN_OBJC_ROOT_CLASS = YES_ERROR;
				CLANG_WARN_UNREACHABLE_CODE = YES;
				CLANG_WARN__DUPLICATE_METHOD_MATCH = YES;
				"CODE_SIGN_IDENTITY[sdk=iphoneos*]" = "iPhone Developer";
				COPY_PHASE_STRIP = NO;
				DEBUG_INFORMATION_FORMAT = dwarf;
				ENABLE_STRICT_OBJC_MSGSEND = YES;
				ENABLE_TESTABILITY = YES;
				GCC_C_LANGUAGE_STANDARD = gnu99;
				GCC_DYNAMIC_NO_PIC = NO;
				GCC_NO_COMMON_BLOCKS = YES;
				GCC_OPTIMIZATION_LEVEL = 0;
				GCC_PREPROCESSOR_DEFINITIONS = (
					"DEBUG=1",
					"$(inherited)",
				);
				GCC_WARN_64_TO_32_BIT_CONVERSION = YES;
				GCC_WARN_ABOUT_RETURN_TYPE = YES_ERROR;
				GCC_WARN_UNDECLARED_SELECTOR = YES;
				GCC_WARN_UNINITIALIZED_AUTOS = YES_AGGRESSIVE;
				GCC_WARN_UNUSED_FUNCTION = YES;
				GCC_WARN_UNUSED_VARIABLE = YES;
				IPHONEOS_DEPLOYMENT_TARGET = 9.3;
				MTL_ENABLE_DEBUG_INFO = YES;
				ONLY_ACTIVE_ARCH = YES;
				SDKROOT = iphoneos;
				SWIFT_OPTIMIZATION_LEVEL = "-Onone";
				TARGETED_DEVICE_FAMILY = "1,2";
			};
			name = Debug;
		};
		6E00C6241D066A2500C9C960 /* Release */ = {
			isa = XCBuildConfiguration;
			buildSettings = {
				ALWAYS_SEARCH_USER_PATHS = NO;
				CLANG_ANALYZER_NONNULL = YES;
				CLANG_CXX_LANGUAGE_STANDARD = "gnu++0x";
				CLANG_CXX_LIBRARY = "libc++";
				CLANG_ENABLE_MODULES = YES;
				CLANG_ENABLE_OBJC_ARC = YES;
				CLANG_WARN_BOOL_CONVERSION = YES;
				CLANG_WARN_CONSTANT_CONVERSION = YES;
				CLANG_WARN_DIRECT_OBJC_ISA_USAGE = YES_ERROR;
				CLANG_WARN_EMPTY_BODY = YES;
				CLANG_WARN_ENUM_CONVERSION = YES;
				CLANG_WARN_INT_CONVERSION = YES;
				CLANG_WARN_OBJC_ROOT_CLASS = YES_ERROR;
				CLANG_WARN_UNREACHABLE_CODE = YES;
				CLANG_WARN__DUPLICATE_METHOD_MATCH = YES;
				"CODE_SIGN_IDENTITY[sdk=iphoneos*]" = "iPhone Developer";
				COPY_PHASE_STRIP = NO;
				DEBUG_INFORMATION_FORMAT = "dwarf-with-dsym";
				ENABLE_NS_ASSERTIONS = NO;
				ENABLE_STRICT_OBJC_MSGSEND = YES;
				GCC_C_LANGUAGE_STANDARD = gnu99;
				GCC_NO_COMMON_BLOCKS = YES;
				GCC_WARN_64_TO_32_BIT_CONVERSION = YES;
				GCC_WARN_ABOUT_RETURN_TYPE = YES_ERROR;
				GCC_WARN_UNDECLARED_SELECTOR = YES;
				GCC_WARN_UNINITIALIZED_AUTOS = YES_AGGRESSIVE;
				GCC_WARN_UNUSED_FUNCTION = YES;
				GCC_WARN_UNUSED_VARIABLE = YES;
				IPHONEOS_DEPLOYMENT_TARGET = 9.3;
				MTL_ENABLE_DEBUG_INFO = NO;
				SDKROOT = iphoneos;
				TARGETED_DEVICE_FAMILY = "1,2";
				VALIDATE_PRODUCT = YES;
			};
			name = Release;
		};
		6E00C63C1D066AD200C9C960 /* Debug */ = {
			isa = XCBuildConfiguration;
			buildSettings = {
				ASSETCATALOG_COMPILER_APPICON_NAME = AppIcon;
				INFOPLIST_FILE = "ModalViewController Transition/Info.plist";
				LD_RUNPATH_SEARCH_PATHS = "$(inherited) @executable_path/Frameworks";
				PRODUCT_BUNDLE_IDENTIFIER = "com.cezr.ModalViewController-Transition";
				PRODUCT_NAME = "$(TARGET_NAME)";
			};
			name = Debug;
		};
		6E00C63D1D066AD200C9C960 /* Release */ = {
			isa = XCBuildConfiguration;
			buildSettings = {
				ASSETCATALOG_COMPILER_APPICON_NAME = AppIcon;
				INFOPLIST_FILE = "ModalViewController Transition/Info.plist";
				LD_RUNPATH_SEARCH_PATHS = "$(inherited) @executable_path/Frameworks";
				PRODUCT_BUNDLE_IDENTIFIER = "com.cezr.ModalViewController-Transition";
				PRODUCT_NAME = "$(TARGET_NAME)";
			};
			name = Release;
		};
/* End XCBuildConfiguration section */

/* Begin XCConfigurationList section */
		6E00C60E1D066A2500C9C960 /* Build configuration list for PBXProject "ViewController Transition Examples" */ = {
			isa = XCConfigurationList;
			buildConfigurations = (
				6E00C6231D066A2500C9C960 /* Debug */,
				6E00C6241D066A2500C9C960 /* Release */,
			);
			defaultConfigurationIsVisible = 0;
			defaultConfigurationName = Release;
		};
		6E00C63B1D066AD200C9C960 /* Build configuration list for PBXNativeTarget "ModalViewController Transition" */ = {
			isa = XCConfigurationList;
			buildConfigurations = (
				6E00C63C1D066AD200C9C960 /* Debug */,
				6E00C63D1D066AD200C9C960 /* Release */,
			);
			defaultConfigurationIsVisible = 0;
		};
/* End XCConfigurationList section */
	};
	rootObject = 6E00C60B1D066A2500C9C960 /* Project object */;
}
